
Microsoft Visual Studio Solution File, Format Version 12.00
# Visual Studio 15
VisualStudioVersion = 15.0.27130.2036
MinimumVisualStudioVersion = 10.0.40219.1
Project("{FAE04EC0-301F-11D3-BF4B-00C04F79EFBC}") = "Checkers.UI", "Checkers.UI\Checkers.UI.csproj", "{0E937947-859E-4EDB-B281-09BFF91EB1AC}"
EndProject
Project("{FAE04EC0-301F-11D3-BF4B-00C04F79EFBC}") = "Checkers.Common", "Checkers.Common\Checkers.Common.csproj", "{ADF960B2-4B29-4F34-AFB8-4C26D216245F}"
EndProject
Project("{FAE04EC0-301F-11D3-BF4B-00C04F79EFBC}") = "Checkers.Engine", "Checkers.Engine\Checkers.Engine.csproj", "{6C721A24-4913-413B-829E-50D0C1AC1C4D}"
EndProject
Global
	GlobalSection(SolutionConfigurationPlatforms) = preSolution
		Debug|Any CPU = Debug|Any CPU
		Release|Any CPU = Release|Any CPU
	EndGlobalSection
	GlobalSection(ProjectConfigurationPlatforms) = postSolution
		{0E937947-859E-4EDB-B281-09BFF91EB1AC}.Debug|Any CPU.ActiveCfg = Debug|Any CPU
		{0E937947-859E-4EDB-B281-09BFF91EB1AC}.Debug|Any CPU.Build.0 = Debug|Any CPU
		{0E937947-859E-4EDB-B281-09BFF91EB1AC}.Release|Any CPU.ActiveCfg = Release|Any CPU
		{0E937947-859E-4EDB-B281-09BFF91EB1AC}.Release|Any CPU.Build.0 = Release|Any CPU
		{ADF960B2-4B29-4F34-AFB8-4C26D216245F}.Debug|Any CPU.ActiveCfg = Debug|Any CPU
		{ADF960B2-4B29-4F34-AFB8-4C26D216245F}.Debug|Any CPU.Build.0 = Debug|Any CPU
		{ADF960B2-4B29-4F34-AFB8-4C26D216245F}.Release|Any CPU.ActiveCfg = Release|Any CPU
		{ADF960B2-4B29-4F34-AFB8-4C26D216245F}.Release|Any CPU.Build.0 = Release|Any CPU
		{6C721A24-4913-413B-829E-50D0C1AC1C4D}.Debug|Any CPU.ActiveCfg = Debug|Any CPU
		{6C721A24-4913-413B-829E-50D0C1AC1C4D}.Debug|Any CPU.Build.0 = Debug|Any CPU
		{6C721A24-4913-413B-829E-50D0C1AC1C4D}.Release|Any CPU.ActiveCfg = Release|Any CPU
		{6C721A24-4913-413B-829E-50D0C1AC1C4D}.Release|Any CPU.Build.0 = Release|Any CPU
	EndGlobalSection
	GlobalSection(SolutionProperties) = preSolution
		HideSolutionNode = FALSE
	EndGlobalSection
	GlobalSection(ExtensibilityGlobals) = postSolution
		SolutionGuid = {ED600EAE-E855-43B3-8601-05951885275E}
	EndGlobalSection
EndGlobal
